
Microsoft Visual Studio Solution File, Format Version 12.00
# Visual Studio Version 16
VisualStudioVersion = 16.0.31112.23
MinimumVisualStudioVersion = 10.0.40219.1
Project("{8BC9CEB8-8B4A-11D0-8D11-00A0C91BC942}") = "proi-lab3", "proi-lab3.vcxproj", "{C28B4970-C2B0-45AA-A156-DF8274F38723}"
EndProject
Project("{8BC9CEB8-8B4A-11D0-8D11-00A0C91BC942}") = "QueueTest", "QueueTest\QueueTest.vcxproj", "{A4CCDB1C-E230-44C4-A947-C0AE6FA0AA37}"
EndProject
Global
	GlobalSection(SolutionConfigurationPlatforms) = preSolution
		Debug|x64 = Debug|x64
		Debug|x86 = Debug|x86
		Release|x64 = Release|x64
		Release|x86 = Release|x86
	EndGlobalSection
	GlobalSection(ProjectConfigurationPlatforms) = postSolution
		{C28B4970-C2B0-45AA-A156-DF8274F38723}.Debug|x64.ActiveCfg = Debug|x64
		{C28B4970-C2B0-45AA-A156-DF8274F38723}.Debug|x64.Build.0 = Debug|x64
		{C28B4970-C2B0-45AA-A156-DF8274F38723}.Debug|x86.ActiveCfg = Debug|Win32
		{C28B4970-C2B0-45AA-A156-DF8274F38723}.Debug|x86.Build.0 = Debug|Win32
		{C28B4970-C2B0-45AA-A156-DF8274F38723}.Release|x64.ActiveCfg = Release|x64
		{C28B4970-C2B0-45AA-A156-DF8274F38723}.Release|x64.Build.0 = Release|x64
		{C28B4970-C2B0-45AA-A156-DF8274F38723}.Release|x86.ActiveCfg = Release|Win32
		{C28B4970-C2B0-45AA-A156-DF8274F38723}.Release|x86.Build.0 = Release|Win32
		{A4CCDB1C-E230-44C4-A947-C0AE6FA0AA37}.Debug|x64.ActiveCfg = Debug|x64
		{A4CCDB1C-E230-44C4-A947-C0AE6FA0AA37}.Debug|x64.Build.0 = Debug|x64
		{A4CCDB1C-E230-44C4-A947-C0AE6FA0AA37}.Debug|x86.ActiveCfg = Debug|Win32
		{A4CCDB1C-E230-44C4-A947-C0AE6FA0AA37}.Debug|x86.Build.0 = Debug|Win32
		{A4CCDB1C-E230-44C4-A947-C0AE6FA0AA37}.Release|x64.ActiveCfg = Release|x64
		{A4CCDB1C-E230-44C4-A947-C0AE6FA0AA37}.Release|x64.Build.0 = Release|x64
		{A4CCDB1C-E230-44C4-A947-C0AE6FA0AA37}.Release|x86.ActiveCfg = Release|Win32
		{A4CCDB1C-E230-44C4-A947-C0AE6FA0AA37}.Release|x86.Build.0 = Release|Win32
	EndGlobalSection
	GlobalSection(SolutionProperties) = preSolution
		HideSolutionNode = FALSE
	EndGlobalSection
	GlobalSection(ExtensibilityGlobals) = postSolution
		SolutionGuid = {FF08F7CB-36CC-4009-9017-646B56D09675}
	EndGlobalSection
EndGlobal
